
Microsoft Visual Studio Solution File, Format Version 9.00
# Visual Studio 2005
# SharpDevelop 2.2.1.2648
Project("{FAE04EC0-301F-11D3-BF4B-00C04F79EFBC}") = "SumoGUI", "SumoGUI.csproj", "{63E030C6-ACF8-4E95-BCE0-F790C87733C2}"
EndProject
Project("{FAE04EC0-301F-11D3-BF4B-00C04F79EFBC}") = "SumoNET", "..\SumoNET\SumoNET.csproj", "{1278230C-4251-4DAF-918E-A3FC82737489}"
EndProject
Project("{A33008B1-5DAC-44D5-9060-242E3B6E38F2}") = "SumoExport", "..\SumoExport\SumoExport.booproj", "{DD6849F6-6B42-4244-B896-1DB3307795C3}"
EndProject
Global
	GlobalSection(SolutionConfigurationPlatforms) = preSolution
		Debug|Any CPU = Debug|Any CPU
		Release|Any CPU = Release|Any CPU
	EndGlobalSection
	GlobalSection(ProjectConfigurationPlatforms) = postSolution
		{63E030C6-ACF8-4E95-BCE0-F790C87733C2}.Debug|Any CPU.Build.0 = Debug|Any CPU
		{63E030C6-ACF8-4E95-BCE0-F790C87733C2}.Debug|Any CPU.ActiveCfg = Debug|Any CPU
		{63E030C6-ACF8-4E95-BCE0-F790C87733C2}.Release|Any CPU.Build.0 = Release|Any CPU
		{63E030C6-ACF8-4E95-BCE0-F790C87733C2}.Release|Any CPU.ActiveCfg = Release|Any CPU
		{1278230C-4251-4DAF-918E-A3FC82737489}.Debug|Any CPU.Build.0 = Debug|Any CPU
		{1278230C-4251-4DAF-918E-A3FC82737489}.Debug|Any CPU.ActiveCfg = Debug|Any CPU
		{1278230C-4251-4DAF-918E-A3FC82737489}.Release|Any CPU.Build.0 = Release|Any CPU
		{1278230C-4251-4DAF-918E-A3FC82737489}.Release|Any CPU.ActiveCfg = Release|Any CPU
		{DD6849F6-6B42-4244-B896-1DB3307795C3}.Debug|Any CPU.Build.0 = Debug|Any CPU
		{DD6849F6-6B42-4244-B896-1DB3307795C3}.Debug|Any CPU.ActiveCfg = Debug|Any CPU
		{DD6849F6-6B42-4244-B896-1DB3307795C3}.Release|Any CPU.Build.0 = Release|Any CPU
		{DD6849F6-6B42-4244-B896-1DB3307795C3}.Release|Any CPU.ActiveCfg = Release|Any CPU
	EndGlobalSection
EndGlobal
